
Microsoft Visual Studio Solution File, Format Version 12.00
# Visual Studio Version 17
VisualStudioVersion = 17.13.35913.81
MinimumVisualStudioVersion = 10.0.40219.1
Project("{FAE04EC0-301F-11D3-BF4B-00C04F79EFBC}") = "PRG_Lists_Maui_MVVM", "PRG_Lists_Maui_MVVM\PRG_Lists_Maui_MVVM.csproj", "{BDD0D24E-F367-4275-A686-D5313964178D}"
EndProject
Global
	GlobalSection(SolutionConfigurationPlatforms) = preSolution
		Debug|Any CPU = Debug|Any CPU
		Release|Any CPU = Release|Any CPU
	EndGlobalSection
	GlobalSection(ProjectConfigurationPlatforms) = postSolution
		{BDD0D24E-F367-4275-A686-D5313964178D}.Debug|Any CPU.ActiveCfg = Debug|Any CPU
		{BDD0D24E-F367-4275-A686-D5313964178D}.Debug|Any CPU.Build.0 = Debug|Any CPU
		{BDD0D24E-F367-4275-A686-D5313964178D}.Release|Any CPU.ActiveCfg = Release|Any CPU
		{BDD0D24E-F367-4275-A686-D5313964178D}.Release|Any CPU.Build.0 = Release|Any CPU
	EndGlobalSection
	GlobalSection(SolutionProperties) = preSolution
		HideSolutionNode = FALSE
	EndGlobalSection
	GlobalSection(ExtensibilityGlobals) = postSolution
		SolutionGuid = {8538C076-6167-47A1-9039-9CF5D44C18DB}
	EndGlobalSection
EndGlobal
